
Microsoft Visual Studio Solution File, Format Version 12.00
# Visual Studio Version 16
VisualStudioVersion = 16.0.30204.135
MinimumVisualStudioVersion = 10.0.40219.1
Project("{9A19103F-16F7-4668-BE54-9A1E7A4F7556}") = "Community.Api", "Community.Api\Community.Api.csproj", "{6B9866BD-198A-42F7-8820-5612F66D35E5}"
EndProject
Project("{9A19103F-16F7-4668-BE54-9A1E7A4F7556}") = "Community.Application", "Community.Service\Community.Application.csproj", "{68442F44-BEE6-4F32-84E3-A3F7E299D9CB}"
EndProject
Project("{9A19103F-16F7-4668-BE54-9A1E7A4F7556}") = "Community.Domain", "Community.Domain\Community.Domain.csproj", "{35FB43FB-0204-4CC7-8A16-5A742C51FBF1}"
EndProject
Project("{9A19103F-16F7-4668-BE54-9A1E7A4F7556}") = "Community.Infrastructure", "Community.Infrastructure\Community.Infrastructure.csproj", "{A40DA991-233C-431F-A427-A98BCBA1C97B}"
EndProject
Project("{FAE04EC0-301F-11D3-BF4B-00C04F79EFBC}") = "Community.Reposity.MySql", "Community.Reposity.MySql\Community.Reposity.MySql.csproj", "{4A8D16A5-5874-4302-BF1A-78C8C0DB31FC}"
EndProject
Global
	GlobalSection(SolutionConfigurationPlatforms) = preSolution
		Debug|Any CPU = Debug|Any CPU
		Release|Any CPU = Release|Any CPU
	EndGlobalSection
	GlobalSection(ProjectConfigurationPlatforms) = postSolution
		{6B9866BD-198A-42F7-8820-5612F66D35E5}.Debug|Any CPU.ActiveCfg = Debug|Any CPU
		{6B9866BD-198A-42F7-8820-5612F66D35E5}.Debug|Any CPU.Build.0 = Debug|Any CPU
		{6B9866BD-198A-42F7-8820-5612F66D35E5}.Release|Any CPU.ActiveCfg = Release|Any CPU
		{6B9866BD-198A-42F7-8820-5612F66D35E5}.Release|Any CPU.Build.0 = Release|Any CPU
		{68442F44-BEE6-4F32-84E3-A3F7E299D9CB}.Debug|Any CPU.ActiveCfg = Debug|Any CPU
		{68442F44-BEE6-4F32-84E3-A3F7E299D9CB}.Debug|Any CPU.Build.0 = Debug|Any CPU
		{68442F44-BEE6-4F32-84E3-A3F7E299D9CB}.Release|Any CPU.ActiveCfg = Release|Any CPU
		{68442F44-BEE6-4F32-84E3-A3F7E299D9CB}.Release|Any CPU.Build.0 = Release|Any CPU
		{35FB43FB-0204-4CC7-8A16-5A742C51FBF1}.Debug|Any CPU.ActiveCfg = Debug|Any CPU
		{35FB43FB-0204-4CC7-8A16-5A742C51FBF1}.Debug|Any CPU.Build.0 = Debug|Any CPU
		{35FB43FB-0204-4CC7-8A16-5A742C51FBF1}.Release|Any CPU.ActiveCfg = Release|Any CPU
		{35FB43FB-0204-4CC7-8A16-5A742C51FBF1}.Release|Any CPU.Build.0 = Release|Any CPU
		{A40DA991-233C-431F-A427-A98BCBA1C97B}.Debug|Any CPU.ActiveCfg = Debug|Any CPU
		{A40DA991-233C-431F-A427-A98BCBA1C97B}.Debug|Any CPU.Build.0 = Debug|Any CPU
		{A40DA991-233C-431F-A427-A98BCBA1C97B}.Release|Any CPU.ActiveCfg = Release|Any CPU
		{A40DA991-233C-431F-A427-A98BCBA1C97B}.Release|Any CPU.Build.0 = Release|Any CPU
		{4A8D16A5-5874-4302-BF1A-78C8C0DB31FC}.Debug|Any CPU.ActiveCfg = Debug|Any CPU
		{4A8D16A5-5874-4302-BF1A-78C8C0DB31FC}.Debug|Any CPU.Build.0 = Debug|Any CPU
		{4A8D16A5-5874-4302-BF1A-78C8C0DB31FC}.Release|Any CPU.ActiveCfg = Release|Any CPU
		{4A8D16A5-5874-4302-BF1A-78C8C0DB31FC}.Release|Any CPU.Build.0 = Release|Any CPU
	EndGlobalSection
	GlobalSection(SolutionProperties) = preSolution
		HideSolutionNode = FALSE
	EndGlobalSection
	GlobalSection(ExtensibilityGlobals) = postSolution
		SolutionGuid = {A972718B-F84E-487F-A73A-3A4782C5D2CB}
	EndGlobalSection
EndGlobal
